
Microsoft Visual Studio Solution File, Format Version 12.00
# Visual Studio Version 17
VisualStudioVersion = 17.0.31903.59
MinimumVisualStudioVersion = 10.0.40219.1
Project("{9A19103F-16F7-4668-BE54-9A1E7A4F7556}") = "STX.Standard.CleanMock.Core", "STX.Standard.CleanMock.Core\STX.Standard.CleanMock.Core.csproj", "{C5952C2A-C27B-4DC1-9555-133A827617A7}"
EndProject
Project("{9A19103F-16F7-4668-BE54-9A1E7A4F7556}") = "STX.Standard.CleanMock.Infrastructure.Build", "STX.Standard.CleanMock.Infrastructure.Build\STX.Standard.CleanMock.Infrastructure.Build.csproj", "{005A9BA5-952E-44B5-9ACC-CC0A771F7ABE}"
EndProject
Project("{9A19103F-16F7-4668-BE54-9A1E7A4F7556}") = "STX.Standard.CleanMock.Tests.Unit", "STX.Standard.CleanMock.Tests.Unit\STX.Standard.CleanMock.Tests.Unit.csproj", "{30DB7EFC-623B-473A-B75A-E5361F94F8D3}"
EndProject
Project("{FAE04EC0-301F-11D3-BF4B-00C04F79EFBC}") = "STX.Standard.CleanMock.Tests.Acceptance", "STX.Standard.CleanMock.Tests.Acceptance\STX.Standard.CleanMock.Tests.Acceptance.csproj", "{38FBD2E2-AE59-4AD1-A4B2-CD593553D5A8}"
EndProject
Global
	GlobalSection(SolutionConfigurationPlatforms) = preSolution
		Debug|Any CPU = Debug|Any CPU
		Release|Any CPU = Release|Any CPU
	EndGlobalSection
	GlobalSection(ProjectConfigurationPlatforms) = postSolution
		{C5952C2A-C27B-4DC1-9555-133A827617A7}.Debug|Any CPU.ActiveCfg = Debug|Any CPU
		{C5952C2A-C27B-4DC1-9555-133A827617A7}.Debug|Any CPU.Build.0 = Debug|Any CPU
		{C5952C2A-C27B-4DC1-9555-133A827617A7}.Release|Any CPU.ActiveCfg = Release|Any CPU
		{C5952C2A-C27B-4DC1-9555-133A827617A7}.Release|Any CPU.Build.0 = Release|Any CPU
		{005A9BA5-952E-44B5-9ACC-CC0A771F7ABE}.Debug|Any CPU.ActiveCfg = Debug|Any CPU
		{005A9BA5-952E-44B5-9ACC-CC0A771F7ABE}.Debug|Any CPU.Build.0 = Debug|Any CPU
		{005A9BA5-952E-44B5-9ACC-CC0A771F7ABE}.Release|Any CPU.ActiveCfg = Release|Any CPU
		{005A9BA5-952E-44B5-9ACC-CC0A771F7ABE}.Release|Any CPU.Build.0 = Release|Any CPU
		{30DB7EFC-623B-473A-B75A-E5361F94F8D3}.Debug|Any CPU.ActiveCfg = Debug|Any CPU
		{30DB7EFC-623B-473A-B75A-E5361F94F8D3}.Debug|Any CPU.Build.0 = Debug|Any CPU
		{30DB7EFC-623B-473A-B75A-E5361F94F8D3}.Release|Any CPU.ActiveCfg = Release|Any CPU
		{30DB7EFC-623B-473A-B75A-E5361F94F8D3}.Release|Any CPU.Build.0 = Release|Any CPU
		{38FBD2E2-AE59-4AD1-A4B2-CD593553D5A8}.Debug|Any CPU.ActiveCfg = Debug|Any CPU
		{38FBD2E2-AE59-4AD1-A4B2-CD593553D5A8}.Debug|Any CPU.Build.0 = Debug|Any CPU
		{38FBD2E2-AE59-4AD1-A4B2-CD593553D5A8}.Release|Any CPU.ActiveCfg = Release|Any CPU
		{38FBD2E2-AE59-4AD1-A4B2-CD593553D5A8}.Release|Any CPU.Build.0 = Release|Any CPU
	EndGlobalSection
	GlobalSection(SolutionProperties) = preSolution
		HideSolutionNode = FALSE
	EndGlobalSection
	GlobalSection(ExtensibilityGlobals) = postSolution
		SolutionGuid = {85D3EE86-0600-42ED-8E01-705181F62D66}
	EndGlobalSection
EndGlobal
